
Microsoft Visual Studio Solution File, Format Version 12.00
# Visual Studio Version 17
VisualStudioVersion = 17.3.32804.467
MinimumVisualStudioVersion = 10.0.40219.1
Project("{FAE04EC0-301F-11D3-BF4B-00C04F79EFBC}") = "MVP", "WpfApp1\MVP.csproj", "{4228D2AE-5C36-4C50-81F8-76C01501F49B}"
EndProject
Project("{FAE04EC0-301F-11D3-BF4B-00C04F79EFBC}") = "Timer", "Timer\Timer.csproj", "{0BA8EF5B-5CB4-4A30-93CB-ABA95413DD0C}"
EndProject
Project("{FAE04EC0-301F-11D3-BF4B-00C04F79EFBC}") = "Calculator", "Calculator\Calculator.csproj", "{5FFFD79D-3BE0-4AC1-9E23-FBAC13F8F43A}"
EndProject
Global
	GlobalSection(SolutionConfigurationPlatforms) = preSolution
		Debug|Any CPU = Debug|Any CPU
		Release|Any CPU = Release|Any CPU
	EndGlobalSection
	GlobalSection(ProjectConfigurationPlatforms) = postSolution
		{4228D2AE-5C36-4C50-81F8-76C01501F49B}.Debug|Any CPU.ActiveCfg = Debug|Any CPU
		{4228D2AE-5C36-4C50-81F8-76C01501F49B}.Debug|Any CPU.Build.0 = Debug|Any CPU
		{4228D2AE-5C36-4C50-81F8-76C01501F49B}.Release|Any CPU.ActiveCfg = Release|Any CPU
		{4228D2AE-5C36-4C50-81F8-76C01501F49B}.Release|Any CPU.Build.0 = Release|Any CPU
		{0BA8EF5B-5CB4-4A30-93CB-ABA95413DD0C}.Debug|Any CPU.ActiveCfg = Debug|Any CPU
		{0BA8EF5B-5CB4-4A30-93CB-ABA95413DD0C}.Debug|Any CPU.Build.0 = Debug|Any CPU
		{0BA8EF5B-5CB4-4A30-93CB-ABA95413DD0C}.Release|Any CPU.ActiveCfg = Release|Any CPU
		{0BA8EF5B-5CB4-4A30-93CB-ABA95413DD0C}.Release|Any CPU.Build.0 = Release|Any CPU
		{5FFFD79D-3BE0-4AC1-9E23-FBAC13F8F43A}.Debug|Any CPU.ActiveCfg = Debug|Any CPU
		{5FFFD79D-3BE0-4AC1-9E23-FBAC13F8F43A}.Debug|Any CPU.Build.0 = Debug|Any CPU
		{5FFFD79D-3BE0-4AC1-9E23-FBAC13F8F43A}.Release|Any CPU.ActiveCfg = Release|Any CPU
		{5FFFD79D-3BE0-4AC1-9E23-FBAC13F8F43A}.Release|Any CPU.Build.0 = Release|Any CPU
	EndGlobalSection
	GlobalSection(SolutionProperties) = preSolution
		HideSolutionNode = FALSE
	EndGlobalSection
	GlobalSection(ExtensibilityGlobals) = postSolution
		SolutionGuid = {819A2895-60FC-4364-BEE7-EE89A1FEF9FB}
	EndGlobalSection
EndGlobal
